// !$*UTF8*$!
{
	archiveVersion = 1;
	classes = {
	};
	objectVersion = 50;
	objects = {

/* Begin PBXBuildFile section */
		AEE4126B23E47A7200DD25BE /* AppDelegate.swift in Sources */ = {isa = PBXBuildFile; fileRef = AEE4126A23E47A7200DD25BE /* AppDelegate.swift */; };
		AEE4126D23E47A7200DD25BE /* SceneDelegate.swift in Sources */ = {isa = PBXBuildFile; fileRef = AEE4126C23E47A7200DD25BE /* SceneDelegate.swift */; };
		AEE4126F23E47A7200DD25BE /* ViewController.swift in Sources */ = {isa = PBXBuildFile; fileRef = AEE4126E23E47A7200DD25BE /* ViewController.swift */; };
		AEE4127223E47A7200DD25BE /* Main.storyboard in Resources */ = {isa = PBXBuildFile; fileRef = AEE4127023E47A7200DD25BE /* Main.storyboard */; };
		AEE4127423E47A7900DD25BE /* Assets.xcassets in Resources */ = {isa = PBXBuildFile; fileRef = AEE4127323E47A7900DD25BE /* Assets.xcassets */; };
		AEE4127723E47A7900DD25BE /* LaunchScreen.storyboard in Resources */ = {isa = PBXBuildFile; fileRef = AEE4127523E47A7900DD25BE /* LaunchScreen.storyboard */; };
		AEE4128223E47A7900DD25BE /* calculatorTests.swift in Sources */ = {isa = PBXBuildFile; fileRef = AEE4128123E47A7900DD25BE /* calculatorTests.swift */; };
		AEE4128D23E47A7900DD25BE /* calculatorUITests.swift in Sources */ = {isa = PBXBuildFile; fileRef = AEE4128C23E47A7900DD25BE /* calculatorUITests.swift */; };
/* End PBXBuildFile section */

/* Begin PBXContainerItemProxy section */
		AEE4127E23E47A7900DD25BE /* PBXContainerItemProxy */ = {
			isa = PBXContainerItemProxy;
			containerPortal = AEE4125F23E47A7200DD25BE /* Project object */;
			proxyType = 1;
			remoteGlobalIDString = AEE4126623E47A7200DD25BE;
			remoteInfo = calculator;
		};
		AEE4128923E47A7900DD25BE /* PBXContainerItemProxy */ = {
			isa = PBXContainerItemProxy;
			containerPortal = AEE4125F23E47A7200DD25BE /* Project object */;
			proxyType = 1;
			remoteGlobalIDString = AEE4126623E47A7200DD25BE;
			remoteInfo = calculator;
		};
/* End PBXContainerItemProxy section */

/* Begin PBXFileReference section */
		AEE4126723E47A7200DD25BE /* calculator.app */ = {isa = PBXFileReference; explicitFileType = wrapper.application; includeInIndex = 0; path = calculator.app; sourceTree = BUILT_PRODUCTS_DIR; };
		AEE4126A23E47A7200DD25BE /* AppDelegate.swift */ = {isa = PBXFileReference; lastKnownFileType = sourcecode.swift; path = AppDelegate.swift; sourceTree = "<group>"; };
		AEE4126C23E47A7200DD25BE /* SceneDelegate.swift */ = {isa = PBXFileReference; lastKnownFileType = sourcecode.swift; path = SceneDelegate.swift; sourceTree = "<group>"; };
		AEE4126E23E47A7200DD25BE /* ViewController.swift */ = {isa = PBXFileReference; lastKnownFileType = sourcecode.swift; path = ViewController.swift; sourceTree = "<group>"; };
		AEE4127123E47A7200DD25BE /* Base */ = {isa = PBXFileReference; lastKnownFileType = file.storyboard; name = Base; path = Base.lproj/Main.storyboard; sourceTree = "<group>"; };
		AEE4127323E47A7900DD25BE /* Assets.xcassets */ = {isa = PBXFileReference; lastKnownFileType = folder.assetcatalog; path = Assets.xcassets; sourceTree = "<group>"; };
		AEE4127623E47A7900DD25BE /* Base */ = {isa = PBXFileReference; lastKnownFileType = file.storyboard; name = Base; path = Base.lproj/LaunchScreen.storyboard; sourceTree = "<group>"; };
		AEE4127823E47A7900DD25BE /* Info.plist */ = {isa = PBXFileReference; lastKnownFileType = text.plist.xml; path = Info.plist; sourceTree = "<group>"; };
		AEE4127D23E47A7900DD25BE /* calculatorTests.xctest */ = {isa = PBXFileReference; explicitFileType = wrapper.cfbundle; includeInIndex = 0; path = calculatorTests.xctest; sourceTree = BUILT_PRODUCTS_DIR; };
		AEE4128123E47A7900DD25BE /* calculatorTests.swift */ = {isa = PBXFileReference; lastKnownFileType = sourcecode.swift; path = calculatorTests.swift; sourceTree = "<group>"; };
		AEE4128323E47A7900DD25BE /* Info.plist */ = {isa = PBXFileReference; lastKnownFileType = text.plist.xml; path = Info.plist; sourceTree = "<group>"; };
		AEE4128823E47A7900DD25BE /* calculatorUITests.xctest */ = {isa = PBXFileReference; explicitFileType = wrapper.cfbundle; includeInIndex = 0; path = calculatorUITests.xctest; sourceTree = BUILT_PRODUCTS_DIR; };
		AEE4128C23E47A7900DD25BE /* calculatorUITests.swift */ = {isa = PBXFileReference; lastKnownFileType = sourcecode.swift; path = calculatorUITests.swift; sourceTree = "<group>"; };
		AEE4128E23E47A7900DD25BE /* Info.plist */ = {isa = PBXFileReference; lastKnownFileType = text.plist.xml; path = Info.plist; sourceTree = "<group>"; };
/* End PBXFileReference section */

/* Begin PBXFrameworksBuildPhase section */
		AEE4126423E47A7200DD25BE /* Frameworks */ = {
			isa = PBXFrameworksBuildPhase;
			buildActionMask = 2147483647;
			files = (
			);
			runOnlyForDeploymentPostprocessing = 0;
		};
		AEE4127A23E47A7900DD25BE /* Frameworks */ = {
			isa = PBXFrameworksBuildPhase;
			buildActionMask = 2147483647;
			files = (
			);
			runOnlyForDeploymentPostprocessing = 0;
		};
		AEE4128523E47A7900DD25BE /* Frameworks */ = {
			isa = PBXFrameworksBuildPhase;
			buildActionMask = 2147483647;
			files = (
			);
			runOnlyForDeploymentPostprocessing = 0;
		};
/* End PBXFrameworksBuildPhase section */

/* Begin PBXGroup section */
		AEE4125E23E47A7200DD25BE = {
			isa = PBXGroup;
			children = (
				AEE4126923E47A7200DD25BE /* calculator */,
				AEE4128023E47A7900DD25BE /* calculatorTests */,
				AEE4128B23E47A7900DD25BE /* calculatorUITests */,
				AEE4126823E47A7200DD25BE /* Products */,
			);
			sourceTree = "<group>";
		};
		AEE4126823E47A7200DD25BE /* Products */ = {
			isa = PBXGroup;
			children = (
				AEE4126723E47A7200DD25BE /* calculator.app */,
				AEE4127D23E47A7900DD25BE /* calculatorTests.xctest */,
				AEE4128823E47A7900DD25BE /* calculatorUITests.xctest */,
			);
			name = Products;
			sourceTree = "<group>";
		};
		AEE4126923E47A7200DD25BE /* calculator */ = {
			isa = PBXGroup;
			children = (
				AEE4126A23E47A7200DD25BE /* AppDelegate.swift */,
				AEE4126C23E47A7200DD25BE /* SceneDelegate.swift */,
				AEE4126E23E47A7200DD25BE /* ViewController.swift */,
				AEE4127023E47A7200DD25BE /* Main.storyboard */,
				AEE4127323E47A7900DD25BE /* Assets.xcassets */,
				AEE4127523E47A7900DD25BE /* LaunchScreen.storyboard */,
				AEE4127823E47A7900DD25BE /* Info.plist */,
			);
			path = calculator;
			sourceTree = "<group>";
		};
		AEE4128023E47A7900DD25BE /* calculatorTests */ = {
			isa = PBXGroup;
			children = (
				AEE4128123E47A7900DD25BE /* calculatorTests.swift */,
				AEE4128323E47A7900DD25BE /* Info.plist */,
			);
			path = calculatorTests;
			sourceTree = "<group>";
		};
		AEE4128B23E47A7900DD25BE /* calculatorUITests */ = {
			isa = PBXGroup;
			children = (
				AEE4128C23E47A7900DD25BE /* calculatorUITests.swift */,
				AEE4128E23E47A7900DD25BE /* Info.plist */,
			);
			path = calculatorUITests;
			sourceTree = "<group>";
		};
/* End PBXGroup section */

/* Begin PBXNativeTarget section */
		AEE4126623E47A7200DD25BE /* calculator */ = {
			isa = PBXNativeTarget;
			buildConfigurationList = AEE4129123E47A7900DD25BE /* Build configuration list for PBXNativeTarget "calculator" */;
			buildPhases = (
				AEE4126323E47A7200DD25BE /* Sources */,
				AEE4126423E47A7200DD25BE /* Frameworks */,
				AEE4126523E47A7200DD25BE /* Resources */,
			);
			buildRules = (
			);
			dependencies = (
			);
			name = calculator;
			productName = calculator;
			productReference = AEE4126723E47A7200DD25BE /* calculator.app */;
			productType = "com.apple.product-type.application";
		};
		AEE4127C23E47A7900DD25BE /* calculatorTests */ = {
			isa = PBXNativeTarget;
			buildConfigurationList = AEE4129423E47A7900DD25BE /* Build configuration list for PBXNativeTarget "calculatorTests" */;
			buildPhases = (
				AEE4127923E47A7900DD25BE /* Sources */,
				AEE4127A23E47A7900DD25BE /* Frameworks */,
				AEE4127B23E47A7900DD25BE /* Resources */,
			);
			buildRules = (
			);
			dependencies = (
				AEE4127F23E47A7900DD25BE /* PBXTargetDependency */,
			);
			name = calculatorTests;
			productName = calculatorTests;
			productReference = AEE4127D23E47A7900DD25BE /* calculatorTests.xctest */;
			productType = "com.apple.product-type.bundle.unit-test";
		};
		AEE4128723E47A7900DD25BE /* calculatorUITests */ = {
			isa = PBXNativeTarget;
			buildConfigurationList = AEE4129723E47A7900DD25BE /* Build configuration list for PBXNativeTarget "calculatorUITests" */;
			buildPhases = (
				AEE4128423E47A7900DD25BE /* Sources */,
				AEE4128523E47A7900DD25BE /* Frameworks */,
				AEE4128623E47A7900DD25BE /* Resources */,
			);
			buildRules = (
			);
			dependencies = (
				AEE4128A23E47A7900DD25BE /* PBXTargetDependency */,
			);
			name = calculatorUITests;
			productName = calculatorUITests;
			productReference = AEE4128823E47A7900DD25BE /* calculatorUITests.xctest */;
			productType = "com.apple.product-type.bundle.ui-testing";
		};
/* End PBXNativeTarget section */

/* Begin PBXProject section */
		AEE4125F23E47A7200DD25BE /* Project object */ = {
			isa = PBXProject;
			attributes = {
				LastSwiftUpdateCheck = 1100;
				LastUpgradeCheck = 1100;
				ORGANIZATIONNAME = xcode;
				TargetAttributes = {
					AEE4126623E47A7200DD25BE = {
						CreatedOnToolsVersion = 11.0;
					};
					AEE4127C23E47A7900DD25BE = {
						CreatedOnToolsVersion = 11.0;
						TestTargetID = AEE4126623E47A7200DD25BE;
					};
					AEE4128723E47A7900DD25BE = {
						CreatedOnToolsVersion = 11.0;
						TestTargetID = AEE4126623E47A7200DD25BE;
					};
				};
			};
			buildConfigurationList = AEE4126223E47A7200DD25BE /* Build configuration list for PBXProject "calculator" */;
			compatibilityVersion = "Xcode 9.3";
			developmentRegion = en;
			hasScannedForEncodings = 0;
			knownRegions = (
				en,
				Base,
			);
			mainGroup = AEE4125E23E47A7200DD25BE;
			productRefGroup = AEE4126823E47A7200DD25BE /* Products */;
			projectDirPath = "";
			projectRoot = "";
			targets = (
				AEE4126623E47A7200DD25BE /* calculator */,
				AEE4127C23E47A7900DD25BE /* calculatorTests */,
				AEE4128723E47A7900DD25BE /* calculatorUITests */,
			);
		};
/* End PBXProject section */

/* Begin PBXResourcesBuildPhase section */
		AEE4126523E47A7200DD25BE /* Resources */ = {
			isa = PBXResourcesBuildPhase;
			buildActionMask = 2147483647;
			files = (
				AEE4127723E47A7900DD25BE /* LaunchScreen.storyboard in Resources */,
				AEE4127423E47A7900DD25BE /* Assets.xcassets in Resources */,
				AEE4127223E47A7200DD25BE /* Main.storyboard in Resources */,
			);
			runOnlyForDeploymentPostprocessing = 0;
		};
		AEE4127B23E47A7900DD25BE /* Resources */ = {
			isa = PBXResourcesBuildPhase;
			buildActionMask = 2147483647;
			files = (
			);
			runOnlyForDeploymentPostprocessing = 0;
		};
		AEE4128623E47A7900DD25BE /* Resources */ = {
			isa = PBXResourcesBuildPhase;
			buildActionMask = 2147483647;
			files = (
			);
			runOnlyForDeploymentPostprocessing = 0;
		};
/* End PBXResourcesBuildPhase section */

/* Begin PBXSourcesBuildPhase section */
		AEE4126323E47A7200DD25BE /* Sources */ = {
			isa = PBXSourcesBuildPhase;
			buildActionMask = 2147483647;
			files = (
				AEE4126F23E47A7200DD25BE /* ViewController.swift in Sources */,
				AEE4126B23E47A7200DD25BE /* AppDelegate.swift in Sources */,
				AEE4126D23E47A7200DD25BE /* SceneDelegate.swift in Sources */,
			);
			runOnlyForDeploymentPostprocessing = 0;
		};
		AEE4127923E47A7900DD25BE /* Sources */ = {
			isa = PBXSourcesBuildPhase;
			buildActionMask = 2147483647;
			files = (
				AEE4128223E47A7900DD25BE /* calculatorTests.swift in Sources */,
			);
			runOnlyForDeploymentPostprocessing = 0;
		};
		AEE4128423E47A7900DD25BE /* Sources */ = {
			isa = PBXSourcesBuildPhase;
			buildActionMask = 2147483647;
			files = (
				AEE4128D23E47A7900DD25BE /* calculatorUITests.swift in Sources */,
			);
			runOnlyForDeploymentPostprocessing = 0;
		};
/* End PBXSourcesBuildPhase section */

/* Begin PBXTargetDependency section */
		AEE4127F23E47A7900DD25BE /* PBXTargetDependency */ = {
			isa = PBXTargetDependency;
			target = AEE4126623E47A7200DD25BE /* calculator */;
			targetProxy = AEE4127E23E47A7900DD25BE /* PBXContainerItemProxy */;
		};
		AEE4128A23E47A7900DD25BE /* PBXTargetDependency */ = {
			isa = PBXTargetDependency;
			target = AEE4126623E47A7200DD25BE /* calculator */;
			targetProxy = AEE4128923E47A7900DD25BE /* PBXContainerItemProxy */;
		};
/* End PBXTargetDependency section */

/* Begin PBXVariantGroup section */
		AEE4127023E47A7200DD25BE /* Main.storyboard */ = {
			isa = PBXVariantGroup;
			children = (
				AEE4127123E47A7200DD25BE /* Base */,
			);
			name = Main.storyboard;
			sourceTree = "<group>";
		};
		AEE4127523E47A7900DD25BE /* LaunchScreen.storyboard */ = {
			isa = PBXVariantGroup;
			children = (
				AEE4127623E47A7900DD25BE /* Base */,
			);
			name = LaunchScreen.storyboard;
			sourceTree = "<group>";
		};
/* End PBXVariantGroup section */

/* Begin XCBuildConfiguration section */
		AEE4128F23E47A7900DD25BE /* Debug */ = {
			isa = XCBuildConfiguration;
			buildSettings = {
				ALWAYS_SEARCH_USER_PATHS = NO;
				CLANG_ANALYZER_NONNULL = YES;
				CLANG_ANALYZER_NUMBER_OBJECT_CONVERSION = YES_AGGRESSIVE;
				CLANG_CXX_LANGUAGE_STANDARD = "gnu++14";
				CLANG_CXX_LIBRARY = "libc++";
				CLANG_ENABLE_MODULES = YES;
				CLANG_ENABLE_OBJC_ARC = YES;
				CLANG_ENABLE_OBJC_WEAK = YES;
				CLANG_WARN_BLOCK_CAPTURE_AUTORELEASING = YES;
				CLANG_WARN_BOOL_CONVERSION = YES;
				CLANG_WARN_COMMA = YES;
				CLANG_WARN_CONSTANT_CONVERSION = YES;
				CLANG_WARN_DEPRECATED_OBJC_IMPLEMENTATIONS = YES;
				CLANG_WARN_DIRECT_OBJC_ISA_USAGE = YES_ERROR;
				CLANG_WARN_DOCUMENTATION_COMMENTS = YES;
				CLANG_WARN_EMPTY_BODY = YES;
				CLANG_WARN_ENUM_CONVERSION = YES;
				CLANG_WARN_INFINITE_RECURSION = YES;
				CLANG_WARN_INT_CONVERSION = YES;
				CLANG_WARN_NON_LITERAL_NULL_CONVERSION = YES;
				CLANG_WARN_OBJC_IMPLICIT_RETAIN_SELF = YES;
				CLANG_WARN_OBJC_LITERAL_CONVERSION = YES;
				CLANG_WARN_OBJC_ROOT_CLASS = YES_ERROR;
				CLANG_WARN_RANGE_LOOP_ANALYSIS = YES;
				CLANG_WARN_STRICT_PROTOTYPES = YES;
				CLANG_WARN_SUSPICIOUS_MOVE = YES;
				CLANG_WARN_UNGUARDED_AVAILABILITY = YES_AGGRESSIVE;
				CLANG_WARN_UNREACHABLE_CODE = YES;
				CLANG_WARN__DUPLICATE_METHOD_MATCH = YES;
				COPY_PHASE_STRIP = NO;
				DEBUG_INFORMATION_FORMAT = dwarf;
				ENABLE_STRICT_OBJC_MSGSEND = YES;
				ENABLE_TESTABILITY = YES;
				GCC_C_LANGUAGE_STANDARD = gnu11;
				GCC_DYNAMIC_NO_PIC = NO;
				GCC_NO_COMMON_BLOCKS = YES;
				GCC_OPTIMIZATION_LEVEL = 0;
				GCC_PREPROCESSOR_DEFINITIONS = (
					"DEBUG=1",
					"$(inherited)",
				);
				GCC_WARN_64_TO_32_BIT_CONVERSION = YES;
				GCC_WARN_ABOUT_RETURN_TYPE = YES_ERROR;
				GCC_WARN_UNDECLARED_SELECTOR = YES;
				GCC_WARN_UNINITIALIZED_AUTOS = YES_AGGRESSIVE;
				GCC_WARN_UNUSED_FUNCTION = YES;
				GCC_WARN_UNUSED_VARIABLE = YES;
				IPHONEOS_DEPLOYMENT_TARGET = 13.0;
				MTL_ENABLE_DEBUG_INFO = INCLUDE_SOURCE;
				MTL_FAST_MATH = YES;
				ONLY_ACTIVE_ARCH = YES;
				SDKROOT = iphoneos;
				SWIFT_ACTIVE_COMPILATION_CONDITIONS = DEBUG;
				SWIFT_OPTIMIZATION_LEVEL = "-Onone";
			};
			name = Debug;
		};
		AEE4129023E47A7900DD25BE /* Release */ = {
			isa = XCBuildConfiguration;
			buildSettings = {
				ALWAYS_SEARCH_USER_PATHS = NO;
				CLANG_ANALYZER_NONNULL = YES;
				CLANG_ANALYZER_NUMBER_OBJECT_CONVERSION = YES_AGGRESSIVE;
				CLANG_CXX_LANGUAGE_STANDARD = "gnu++14";
				CLANG_CXX_LIBRARY = "libc++";
				CLANG_ENABLE_MODULES = YES;
				CLANG_ENABLE_OBJC_ARC = YES;
				CLANG_ENABLE_OBJC_WEAK = YES;
				CLANG_WARN_BLOCK_CAPTURE_AUTORELEASING = YES;
				CLANG_WARN_BOOL_CONVERSION = YES;
				CLANG_WARN_COMMA = YES;
				CLANG_WARN_CONSTANT_CONVERSION = YES;
				CLANG_WARN_DEPRECATED_OBJC_IMPLEMENTATIONS = YES;
				CLANG_WARN_DIRECT_OBJC_ISA_USAGE = YES_ERROR;
				CLANG_WARN_DOCUMENTATION_COMMENTS = YES;
				CLANG_WARN_EMPTY_BODY = YES;
				CLANG_WARN_ENUM_CONVERSION = YES;
				CLANG_WARN_INFINITE_RECURSION = YES;
				CLANG_WARN_INT_CONVERSION = YES;
				CLANG_WARN_NON_LITERAL_NULL_CONVERSION = YES;
				CLANG_WARN_OBJC_IMPLICIT_RETAIN_SELF = YES;
				CLANG_WARN_OBJC_LITERAL_CONVERSION = YES;
				CLANG_WARN_OBJC_ROOT_CLASS = YES_ERROR;
				CLANG_WARN_RANGE_LOOP_ANALYSIS = YES;
				CLANG_WARN_STRICT_PROTOTYPES = YES;
				CLANG_WARN_SUSPICIOUS_MOVE = YES;
				CLANG_WARN_UNGUARDED_AVAILABILITY = YES_AGGRESSIVE;
				CLANG_WARN_UNREACHABLE_CODE = YES;
				CLANG_WARN__DUPLICATE_METHOD_MATCH = YES;
				COPY_PHASE_STRIP = NO;
				DEBUG_INFORMATION_FORMAT = "dwarf-with-dsym";
				ENABLE_NS_ASSERTIONS = NO;
				ENABLE_STRICT_OBJC_MSGSEND = YES;
				GCC_C_LANGUAGE_STANDARD = gnu11;
				GCC_NO_COMMON_BLOCKS = YES;
				GCC_WARN_64_TO_32_BIT_CONVERSION = YES;
				GCC_WARN_ABOUT_RETURN_TYPE = YES_ERROR;
				GCC_WARN_UNDECLARED_SELECTOR = YES;
				GCC_WARN_UNINITIALIZED_AUTOS = YES_AGGRESSIVE;
				GCC_WARN_UNUSED_FUNCTION = YES;
				GCC_WARN_UNUSED_VARIABLE = YES;
				IPHONEOS_DEPLOYMENT_TARGET = 13.0;
				MTL_ENABLE_DEBUG_INFO = NO;
				MTL_FAST_MATH = YES;
				SDKROOT = iphoneos;
				SWIFT_COMPILATION_MODE = wholemodule;
				SWIFT_OPTIMIZATION_LEVEL = "-O";
				VALIDATE_PRODUCT = YES;
			};
			name = Release;
		};
		AEE4129223E47A7900DD25BE /* Debug */ = {
			isa = XCBuildConfiguration;
			buildSettings = {
				ASSETCATALOG_COMPILER_APPICON_NAME = AppIcon;
				CODE_SIGN_STYLE = Automatic;
				INFOPLIST_FILE = calculator/Info.plist;
				LD_RUNPATH_SEARCH_PATHS = (
					"$(inherited)",
					"@executable_path/Frameworks",
				);
				PRODUCT_BUNDLE_IDENTIFIER = a.calculator;
				PRODUCT_NAME = "$(TARGET_NAME)";
				SWIFT_VERSION = 5.0;
				TARGETED_DEVICE_FAMILY = "1,2";
			};
			name = Debug;
		};
		AEE4129323E47A7900DD25BE /* Release */ = {
			isa = XCBuildConfiguration;
			buildSettings = {
				ASSETCATALOG_COMPILER_APPICON_NAME = AppIcon;
				CODE_SIGN_STYLE = Automatic;
				INFOPLIST_FILE = calculator/Info.plist;
				LD_RUNPATH_SEARCH_PATHS = (
					"$(inherited)",
					"@executable_path/Frameworks",
				);
				PRODUCT_BUNDLE_IDENTIFIER = a.calculator;
				PRODUCT_NAME = "$(TARGET_NAME)";
				SWIFT_VERSION = 5.0;
				TARGETED_DEVICE_FAMILY = "1,2";
			};
			name = Release;
		};
		AEE4129523E47A7900DD25BE /* Debug */ = {
			isa = XCBuildConfiguration;
			buildSettings = {
				ALWAYS_EMBED_SWIFT_STANDARD_LIBRARIES = YES;
				BUNDLE_LOADER = "$(TEST_HOST)";
				CODE_SIGN_STYLE = Automatic;
				INFOPLIST_FILE = calculatorTests/Info.plist;
				IPHONEOS_DEPLOYMENT_TARGET = 13.0;
				LD_RUNPATH_SEARCH_PATHS = (
					"$(inherited)",
					"@executable_path/Frameworks",
					"@loader_path/Frameworks",
				);
				PRODUCT_BUNDLE_IDENTIFIER = a.calculatorTests;
				PRODUCT_NAME = "$(TARGET_NAME)";
				SWIFT_VERSION = 5.0;
				TARGETED_DEVICE_FAMILY = "1,2";
				TEST_HOST = "$(BUILT_PRODUCTS_DIR)/calculator.app/calculator";
			};
			name = Debug;
		};
		AEE4129623E47A7900DD25BE /* Release */ = {
			isa = XCBuildConfiguration;
			buildSettings = {
				ALWAYS_EMBED_SWIFT_STANDARD_LIBRARIES = YES;
				BUNDLE_LOADER = "$(TEST_HOST)";
				CODE_SIGN_STYLE = Automatic;
				INFOPLIST_FILE = calculatorTests/Info.plist;
				IPHONEOS_DEPLOYMENT_TARGET = 13.0;
				LD_RUNPATH_SEARCH_PATHS = (
					"$(inherited)",
					"@executable_path/Frameworks",
					"@loader_path/Frameworks",
				);
				PRODUCT_BUNDLE_IDENTIFIER = a.calculatorTests;
				PRODUCT_NAME = "$(TARGET_NAME)";
				SWIFT_VERSION = 5.0;
				TARGETED_DEVICE_FAMILY = "1,2";
				TEST_HOST = "$(BUILT_PRODUCTS_DIR)/calculator.app/calculator";
			};
			name = Release;
		};
		AEE4129823E47A7900DD25BE /* Debug */ = {
			isa = XCBuildConfiguration;
			buildSettings = {
				ALWAYS_EMBED_SWIFT_STANDARD_LIBRARIES = YES;
				CODE_SIGN_STYLE = Automatic;
				INFOPLIST_FILE = calculatorUITests/Info.plist;
				LD_RUNPATH_SEARCH_PATHS = (
					"$(inherited)",
					"@executable_path/Frameworks",
					"@loader_path/Frameworks",
				);
				PRODUCT_BUNDLE_IDENTIFIER = a.calculatorUITests;
				PRODUCT_NAME = "$(TARGET_NAME)";
				SWIFT_VERSION = 5.0;
				TARGETED_DEVICE_FAMILY = "1,2";
				TEST_TARGET_NAME = calculator;
			};
			name = Debug;
		};
		AEE4129923E47A7900DD25BE /* Release */ = {
			isa = XCBuildConfiguration;
			buildSettings = {
				ALWAYS_EMBED_SWIFT_STANDARD_LIBRARIES = YES;
				CODE_SIGN_STYLE = Automatic;
				INFOPLIST_FILE = calculatorUITests/Info.plist;
				LD_RUNPATH_SEARCH_PATHS = (
					"$(inherited)",
					"@executable_path/Frameworks",
					"@loader_path/Frameworks",
				);
				PRODUCT_BUNDLE_IDENTIFIER = a.calculatorUITests;
				PRODUCT_NAME = "$(TARGET_NAME)";
				SWIFT_VERSION = 5.0;
				TARGETED_DEVICE_FAMILY = "1,2";
				TEST_TARGET_NAME = calculator;
			};
			name = Release;
		};
/* End XCBuildConfiguration section */

/* Begin XCConfigurationList section */
		AEE4126223E47A7200DD25BE /* Build configuration list for PBXProject "calculator" */ = {
			isa = XCConfigurationList;
			buildConfigurations = (
				AEE4128F23E47A7900DD25BE /* Debug */,
				AEE4129023E47A7900DD25BE /* Release */,
			);
			defaultConfigurationIsVisible = 0;
			defaultConfigurationName = Release;
		};
		AEE4129123E47A7900DD25BE /* Build configuration list for PBXNativeTarget "calculator" */ = {
			isa = XCConfigurationList;
			buildConfigurations = (
				AEE4129223E47A7900DD25BE /* Debug */,
				AEE4129323E47A7900DD25BE /* Release */,
			);
			defaultConfigurationIsVisible = 0;
			defaultConfigurationName = Release;
		};
		AEE4129423E47A7900DD25BE /* Build configuration list for PBXNativeTarget "calculatorTests" */ = {
			isa = XCConfigurationList;
			buildConfigurations = (
				AEE4129523E47A7900DD25BE /* Debug */,
				AEE4129623E47A7900DD25BE /* Release */,
			);
			defaultConfigurationIsVisible = 0;
			defaultConfigurationName = Release;
		};
		AEE4129723E47A7900DD25BE /* Build configuration list for PBXNativeTarget "calculatorUITests" */ = {
			isa = XCConfigurationList;
			buildConfigurations = (
				AEE4129823E47A7900DD25BE /* Debug */,
				AEE4129923E47A7900DD25BE /* Release */,
			);
			defaultConfigurationIsVisible = 0;
			defaultConfigurationName = Release;
		};
/* End XCConfigurationList section */
	};
	rootObject = AEE4125F23E47A7200DD25BE /* Project object */;
}
